PODS:
  - Alamofire (4.7.3)
  - IQKeyboardManagerSwift (6.5.4)

DEPENDENCIES:
  - Alamofire (= 4.7.3)
  - IQKeyboardManagerSwift

SPEC REPOS:
  https://github.com/CocoaPods/Specs.git:
    - Alamofire
  trunk:
    - IQKeyboardManagerSwift

SPEC CHECKSUMS:
  Alamofire: c7287b6e5d7da964a70935e5db17046b7fde6568
  IQKeyboardManagerSwift: 2dde0fc70110e8eac7ccce2a46fdbec6a850b414

PODFILE CHECKSUM: 085cc047bfef634147a887feb1a2c94e48befb5f

COCOAPODS: 1.8.4
